
Microsoft Visual Studio Solution File, Format Version 12.00
# Visual Studio Version 17
VisualStudioVersion = 17.11.35312.102
MinimumVisualStudioVersion = 10.0.40219.1
Project("{9A19103F-16F7-4668-BE54-9A1E7A4F7556}") = "HillerødSailingClubConsoleApp", "HillerødSailingClubConsoleApp.csproj", "{6E775902-E51C-4212-86CF-3EB42C099625}"
EndProject
Project("{9A19103F-16F7-4668-BE54-9A1E7A4F7556}") = "HillerødSailingClubClassLibrary", "..\HillerødSailingClubClassLibrary\HillerødSailingClubClassLibrary.csproj", "{7AC7D601-FE3C-4166-918D-DF8A7919CE81}"
EndProject
Project("{FAE04EC0-301F-11D3-BF4B-00C04F79EFBC}") = "HillerødSailingClubRazorPage", "..\HillerødSailingClubRazorPage\HillerødSailingClubRazorPage.csproj", "{EF78562F-BB3B-496B-886E-2CD78CBA5FCE}"
EndProject
Global
	GlobalSection(SolutionConfigurationPlatforms) = preSolution
		Debug|Any CPU = Debug|Any CPU
		Release|Any CPU = Release|Any CPU
	EndGlobalSection
	GlobalSection(ProjectConfigurationPlatforms) = postSolution
		{6E775902-E51C-4212-86CF-3EB42C099625}.Debug|Any CPU.ActiveCfg = Debug|Any CPU
		{6E775902-E51C-4212-86CF-3EB42C099625}.Debug|Any CPU.Build.0 = Debug|Any CPU
		{6E775902-E51C-4212-86CF-3EB42C099625}.Release|Any CPU.ActiveCfg = Release|Any CPU
		{6E775902-E51C-4212-86CF-3EB42C099625}.Release|Any CPU.Build.0 = Release|Any CPU
		{7AC7D601-FE3C-4166-918D-DF8A7919CE81}.Debug|Any CPU.ActiveCfg = Debug|Any CPU
		{7AC7D601-FE3C-4166-918D-DF8A7919CE81}.Debug|Any CPU.Build.0 = Debug|Any CPU
		{7AC7D601-FE3C-4166-918D-DF8A7919CE81}.Release|Any CPU.ActiveCfg = Release|Any CPU
		{7AC7D601-FE3C-4166-918D-DF8A7919CE81}.Release|Any CPU.Build.0 = Release|Any CPU
		{EF78562F-BB3B-496B-886E-2CD78CBA5FCE}.Debug|Any CPU.ActiveCfg = Debug|Any CPU
		{EF78562F-BB3B-496B-886E-2CD78CBA5FCE}.Debug|Any CPU.Build.0 = Debug|Any CPU
		{EF78562F-BB3B-496B-886E-2CD78CBA5FCE}.Release|Any CPU.ActiveCfg = Release|Any CPU
		{EF78562F-BB3B-496B-886E-2CD78CBA5FCE}.Release|Any CPU.Build.0 = Release|Any CPU
	EndGlobalSection
	GlobalSection(SolutionProperties) = preSolution
		HideSolutionNode = FALSE
	EndGlobalSection
	GlobalSection(ExtensibilityGlobals) = postSolution
		SolutionGuid = {971C791A-2C21-4869-88C4-B056457566C4}
	EndGlobalSection
EndGlobal
